{
    "name": "default-physical-template",
    "version": "1.0.0",
    "lockfileVersion": 3,
    "requires": true,
    "packages": {
        "": {
            "name": "default-physical-template",
            "version": "1.0.0",
            "dependencies": {
                "@wonderlandengine/api": ">=1.6.0 <1.7.0",
                "@wonderlandengine/components": "^1.2.1",
                "gl-matrix": "^3.4.3",
                "wle-stats": "^1.0.3"
            }
        },
        "node_modules/@types/earcut": {
            "version": "2.1.4",
            "license": "MIT"
        },
        "node_modules/@types/webxr": {
            "version": "0.5.24",
            "license": "MIT"
        },
        "node_modules/@wonderlandengine/api": {
            "version": "1.6.0",
            "license": "MIT",
            "dependencies": {
                "@types/webxr": "^0.5.0"
            }
        },
        "node_modules/@wonderlandengine/components": {
            "version": "1.2.5",
            "license": "MIT",
            "dependencies": {
                "@types/earcut": "^2.1.1",
                "@types/webxr": "^0.5.21",
                "@wonderlandengine/spatial-audio": "^1.2.3",
                "earcut": "^2.2.4",
                "gl-matrix": "^3.3.0"
            },
            "peerDependencies": {
                "@wonderlandengine/api": "^1.1.0"
            }
        },
        "node_modules/@wonderlandengine/spatial-audio": {
            "version": "1.2.5",
            "license": "MIT",
            "peerDependencies": {
                "@wonderlandengine/api": "^1.0.0",
                "@wonderlandengine/components": "^1.0.6",
                "gl-matrix": "^3.4.3"
            }
        },
        "node_modules/earcut": {
            "version": "2.2.4",
            "license": "ISC"
        },
        "node_modules/gl-matrix": {
            "version": "3.4.4",
            "license": "MIT"
        },
        "node_modules/prettier": {
            "version": "3.9.6",
            "resolved": "https://registry.npmjs.org/prettier/-/prettier-3.9.6.tgz",
            "integrity": "sha512-OpN0zzVdiaiAhxpuuj5efpIS4sY9j7bY6uR5mnj5yPzGkdkjNKSJeUThPb60Jw29QuAZgA4o+/iB49kFiaBX6g==",
            "license": "MIT",
            "bin": {
                "prettier": "bin/prettier.cjs"
            },
            "engines": {
                "node": ">=14"
            },
            "funding": {
                "url": "https://github.com/prettier/prettier?sponsor=1"
            }
        },
        "node_modules/wle-stats": {
            "version": "1.0.3",
            "resolved": "https://registry.npmjs.org/wle-stats/-/wle-stats-1.0.3.tgz",
            "integrity": "sha512-PkSClOwyw4h4t+EmcmBJUYmFRAyMjimUB+ixc1Vt6NLxf4iPbJeMef74pX0Pp59PYEo4xlGsJfAj031p//WnBg==",
            "license": "MIT",
            "dependencies": {
                "gl-matrix": "^3.4.3",
                "prettier": "^3.0.0"
            },
            "peerDependencies": {
                "@wonderlandengine/api": "^1.0.1"
            }
        }
    }
}
